
Microsoft Visual Studio Solution File, Format Version 12.00
# Visual Studio Version 16
VisualStudioVersion = 16.0.30413.136
MinimumVisualStudioVersion = 10.0.40219.1
Project("{FAE04EC0-301F-11D3-BF4B-00C04F79EFBC}") = "AppForGit", "AppForGit\AppForGit.csproj", "{962CC4E0-477B-4427-86A3-F480FE74FAC0}"
EndProject
Global
	GlobalSection(SolutionConfigurationPlatforms) = preSolution
		Debug|Any CPU = Debug|Any CPU
		Release|Any CPU = Release|Any CPU
	EndGlobalSection
	GlobalSection(ProjectConfigurationPlatforms) = postSolution
		{962CC4E0-477B-4427-86A3-F480FE74FAC0}.Debug|Any CPU.ActiveCfg = Debug|Any CPU
		{962CC4E0-477B-4427-86A3-F480FE74FAC0}.Debug|Any CPU.Build.0 = Debug|Any CPU
		{962CC4E0-477B-4427-86A3-F480FE74FAC0}.Release|Any CPU.ActiveCfg = Release|Any CPU
		{962CC4E0-477B-4427-86A3-F480FE74FAC0}.Release|Any CPU.Build.0 = Release|Any CPU
	EndGlobalSection
	GlobalSection(SolutionProperties) = preSolution
		HideSolutionNode = FALSE
	EndGlobalSection
	GlobalSection(ExtensibilityGlobals) = postSolution
		SolutionGuid = {3D27DB19-3F09-494E-A74D-BBFE467D9B9B}
	EndGlobalSection
EndGlobal
